
Microsoft Visual Studio Solution File, Format Version 12.00
# Visual Studio Version 17
VisualStudioVersion = 17.7.34221.43
MinimumVisualStudioVersion = 10.0.40219.1
Project("{9A19103F-16F7-4668-BE54-9A1E7A4F7556}") = "Simple File Manipulator", "FileRenamerApp\Simple File Manipulator.csproj", "{D538A375-4AD9-4E4B-B2FC-676C3280495F}"
EndProject
Global
	GlobalSection(SolutionConfigurationPlatforms) = preSolution
		Debug|Any CPU = Debug|Any CPU
		Release|Any CPU = Release|Any CPU
	EndGlobalSection
	GlobalSection(ProjectConfigurationPlatforms) = postSolution
		{D538A375-4AD9-4E4B-B2FC-676C3280495F}.Debug|Any CPU.ActiveCfg = Debug|Any CPU
		{D538A375-4AD9-4E4B-B2FC-676C3280495F}.Debug|Any CPU.Build.0 = Debug|Any CPU
		{D538A375-4AD9-4E4B-B2FC-676C3280495F}.Release|Any CPU.ActiveCfg = Release|Any CPU
		{D538A375-4AD9-4E4B-B2FC-676C3280495F}.Release|Any CPU.Build.0 = Release|Any CPU
	EndGlobalSection
	GlobalSection(SolutionProperties) = preSolution
		HideSolutionNode = FALSE
	EndGlobalSection
	GlobalSection(ExtensibilityGlobals) = postSolution
		SolutionGuid = {C859DC65-B980-4EB6-A5D2-515473DA73BC}
	EndGlobalSection
EndGlobal
